
Microsoft Visual Studio Solution File, Format Version 12.00
# Visual Studio 2013
VisualStudioVersion = 12.0.30723.0
MinimumVisualStudioVersion = 10.0.40219.1
Project("{8BC9CEB8-8B4A-11D0-8D11-00A0C91BC942}") = "Test2", "Test2\Test2.vcxproj", "{E6CF4F76-9FD9-43A0-B52B-DB3E62D03D6F}"
EndProject
Project("{8BC9CEB8-8B4A-11D0-8D11-00A0C91BC942}") = "Test1", "Test1\Test1.vcxproj", "{EC787318-7395-45D5-A6D4-4C4173648126}"
EndProject
Project("{8BC9CEB8-8B4A-11D0-8D11-00A0C91BC942}") = "Test3", "Test3\Test3.vcxproj", "{38472F58-0F4D-4CD3-972D-6C7402A26784}"
EndProject
Project("{8BC9CEB8-8B4A-11D0-8D11-00A0C91BC942}") = "Test4", "Test4\Test4.vcxproj", "{0F840D69-D17D-45A0-83E5-92599F8CD4F4}"
EndProject
Project("{8BC9CEB8-8B4A-11D0-8D11-00A0C91BC942}") = "Test5", "Test5\Test5.vcxproj", "{82FB62A5-B34A-4C5C-B59D-EF9516441D89}"
EndProject
Project("{8BC9CEB8-8B4A-11D0-8D11-00A0C91BC942}") = "Test6", "Test6\Test6.vcxproj", "{4FC2D7DA-6F09-40BF-AED9-0FDF0F50A009}"
EndProject
Project("{8BC9CEB8-8B4A-11D0-8D11-00A0C91BC942}") = "Test8", "Test8\Test8.vcxproj", "{04F259E7-E63B-4B81-BFA6-427A3D5BF17B}"
EndProject
Project("{8BC9CEB8-8B4A-11D0-8D11-00A0C91BC942}") = "Test9_wang", "Test9\Test9.vcxproj", "{C6407C7E-1B49-4286-A100-31D0E00474CC}"
EndProject
Project("{8BC9CEB8-8B4A-11D0-8D11-00A0C91BC942}") = "Test9_qu", "Test9_qu\Test9_qu.vcxproj", "{40722028-24FE-4B86-B41C-F437CB6A2CFE}"
EndProject
Project("{8BC9CEB8-8B4A-11D0-8D11-00A0C91BC942}") = "Test10", "Test10\Test10.vcxproj", "{78E82153-9E5E-43C2-9833-0394D34620C7}"
EndProject
Project("{8BC9CEB8-8B4A-11D0-8D11-00A0C91BC942}") = "Test7", "Test7\Test7.vcxproj", "{924A4E51-DA4A-4015-BC89-C17C25F184A0}"
EndProject
Project("{8BC9CEB8-8B4A-11D0-8D11-00A0C91BC942}") = "Test11", "Test11\Test11.vcxproj", "{AD2DF913-0235-423D-A86E-BF007674494D}"
EndProject
Project("{8BC9CEB8-8B4A-11D0-8D11-00A0C91BC942}") = "Test12", "Test12\Test12.vcxproj", "{77E89EA8-1CC8-41D7-9190-7974AF315425}"
EndProject
Project("{8BC9CEB8-8B4A-11D0-8D11-00A0C91BC942}") = "Test13_qu", "Test13_qu\Test13_qu.vcxproj", "{7C66726B-9D1C-4D35-82B6-F2C6AC86DFD6}"
EndProject
Global
	GlobalSection(SolutionConfigurationPlatforms) = preSolution
		Debug|Win32 = Debug|Win32
		Release|Win32 = Release|Win32
	EndGlobalSection
	GlobalSection(ProjectConfigurationPlatforms) = postSolution
		{E6CF4F76-9FD9-43A0-B52B-DB3E62D03D6F}.Debug|Win32.ActiveCfg = Debug|Win32
		{E6CF4F76-9FD9-43A0-B52B-DB3E62D03D6F}.Debug|Win32.Build.0 = Debug|Win32
		{E6CF4F76-9FD9-43A0-B52B-DB3E62D03D6F}.Release|Win32.ActiveCfg = Release|Win32
		{E6CF4F76-9FD9-43A0-B52B-DB3E62D03D6F}.Release|Win32.Build.0 = Release|Win32
		{EC787318-7395-45D5-A6D4-4C4173648126}.Debug|Win32.ActiveCfg = Debug|Win32
		{EC787318-7395-45D5-A6D4-4C4173648126}.Debug|Win32.Build.0 = Debug|Win32
		{EC787318-7395-45D5-A6D4-4C4173648126}.Release|Win32.ActiveCfg = Release|Win32
		{EC787318-7395-45D5-A6D4-4C4173648126}.Release|Win32.Build.0 = Release|Win32
		{38472F58-0F4D-4CD3-972D-6C7402A26784}.Debug|Win32.ActiveCfg = Debug|Win32
		{38472F58-0F4D-4CD3-972D-6C7402A26784}.Debug|Win32.Build.0 = Debug|Win32
		{38472F58-0F4D-4CD3-972D-6C7402A26784}.Release|Win32.ActiveCfg = Release|Win32
		{38472F58-0F4D-4CD3-972D-6C7402A26784}.Release|Win32.Build.0 = Release|Win32
		{0F840D69-D17D-45A0-83E5-92599F8CD4F4}.Debug|Win32.ActiveCfg = Debug|Win32
		{0F840D69-D17D-45A0-83E5-92599F8CD4F4}.Debug|Win32.Build.0 = Debug|Win32
		{0F840D69-D17D-45A0-83E5-92599F8CD4F4}.Release|Win32.ActiveCfg = Release|Win32
		{0F840D69-D17D-45A0-83E5-92599F8CD4F4}.Release|Win32.Build.0 = Release|Win32
		{82FB62A5-B34A-4C5C-B59D-EF9516441D89}.Debug|Win32.ActiveCfg = Debug|Win32
		{82FB62A5-B34A-4C5C-B59D-EF9516441D89}.Debug|Win32.Build.0 = Debug|Win32
		{82FB62A5-B34A-4C5C-B59D-EF9516441D89}.Release|Win32.ActiveCfg = Release|Win32
		{82FB62A5-B34A-4C5C-B59D-EF9516441D89}.Release|Win32.Build.0 = Release|Win32
		{4FC2D7DA-6F09-40BF-AED9-0FDF0F50A009}.Debug|Win32.ActiveCfg = Debug|Win32
		{4FC2D7DA-6F09-40BF-AED9-0FDF0F50A009}.Debug|Win32.Build.0 = Debug|Win32
		{4FC2D7DA-6F09-40BF-AED9-0FDF0F50A009}.Release|Win32.ActiveCfg = Release|Win32
		{4FC2D7DA-6F09-40BF-AED9-0FDF0F50A009}.Release|Win32.Build.0 = Release|Win32
		{04F259E7-E63B-4B81-BFA6-427A3D5BF17B}.Debug|Win32.ActiveCfg = Debug|Win32
		{04F259E7-E63B-4B81-BFA6-427A3D5BF17B}.Debug|Win32.Build.0 = Debug|Win32
		{04F259E7-E63B-4B81-BFA6-427A3D5BF17B}.Release|Win32.ActiveCfg = Release|Win32
		{04F259E7-E63B-4B81-BFA6-427A3D5BF17B}.Release|Win32.Build.0 = Release|Win32
		{C6407C7E-1B49-4286-A100-31D0E00474CC}.Debug|Win32.ActiveCfg = Debug|Win32
		{C6407C7E-1B49-4286-A100-31D0E00474CC}.Debug|Win32.Build.0 = Debug|Win32
		{C6407C7E-1B49-4286-A100-31D0E00474CC}.Release|Win32.ActiveCfg = Release|Win32
		{C6407C7E-1B49-4286-A100-31D0E00474CC}.Release|Win32.Build.0 = Release|Win32
		{40722028-24FE-4B86-B41C-F437CB6A2CFE}.Debug|Win32.ActiveCfg = Debug|Win32
		{40722028-24FE-4B86-B41C-F437CB6A2CFE}.Debug|Win32.Build.0 = Debug|Win32
		{40722028-24FE-4B86-B41C-F437CB6A2CFE}.Release|Win32.ActiveCfg = Release|Win32
		{40722028-24FE-4B86-B41C-F437CB6A2CFE}.Release|Win32.Build.0 = Release|Win32
		{78E82153-9E5E-43C2-9833-0394D34620C7}.Debug|Win32.ActiveCfg = Debug|Win32
		{78E82153-9E5E-43C2-9833-0394D34620C7}.Debug|Win32.Build.0 = Debug|Win32
		{78E82153-9E5E-43C2-9833-0394D34620C7}.Release|Win32.ActiveCfg = Release|Win32
		{78E82153-9E5E-43C2-9833-0394D34620C7}.Release|Win32.Build.0 = Release|Win32
		{924A4E51-DA4A-4015-BC89-C17C25F184A0}.Debug|Win32.ActiveCfg = Debug|Win32
		{924A4E51-DA4A-4015-BC89-C17C25F184A0}.Debug|Win32.Build.0 = Debug|Win32
		{924A4E51-DA4A-4015-BC89-C17C25F184A0}.Release|Win32.ActiveCfg = Release|Win32
		{924A4E51-DA4A-4015-BC89-C17C25F184A0}.Release|Win32.Build.0 = Release|Win32
		{AD2DF913-0235-423D-A86E-BF007674494D}.Debug|Win32.ActiveCfg = Debug|Win32
		{AD2DF913-0235-423D-A86E-BF007674494D}.Debug|Win32.Build.0 = Debug|Win32
		{AD2DF913-0235-423D-A86E-BF007674494D}.Release|Win32.ActiveCfg = Release|Win32
		{AD2DF913-0235-423D-A86E-BF007674494D}.Release|Win32.Build.0 = Release|Win32
		{77E89EA8-1CC8-41D7-9190-7974AF315425}.Debug|Win32.ActiveCfg = Debug|Win32
		{77E89EA8-1CC8-41D7-9190-7974AF315425}.Debug|Win32.Build.0 = Debug|Win32
		{77E89EA8-1CC8-41D7-9190-7974AF315425}.Release|Win32.ActiveCfg = Release|Win32
		{77E89EA8-1CC8-41D7-9190-7974AF315425}.Release|Win32.Build.0 = Release|Win32
		{7C66726B-9D1C-4D35-82B6-F2C6AC86DFD6}.Debug|Win32.ActiveCfg = Debug|Win32
		{7C66726B-9D1C-4D35-82B6-F2C6AC86DFD6}.Debug|Win32.Build.0 = Debug|Win32
		{7C66726B-9D1C-4D35-82B6-F2C6AC86DFD6}.Release|Win32.ActiveCfg = Release|Win32
		{7C66726B-9D1C-4D35-82B6-F2C6AC86DFD6}.Release|Win32.Build.0 = Release|Win32
	EndGlobalSection
	GlobalSection(SolutionProperties) = preSolution
		HideSolutionNode = FALSE
	EndGlobalSection
EndGlobal
